
Microsoft Visual Studio Solution File, Format Version 12.00
Project("{FAE04EC0-301F-11D3-BF4B-00C04F79EFBC}") = "Var-ConsoleApp", "Var-ConsoleApp\Var-ConsoleApp.csproj", "{63D92787-78E3-4B36-824A-79E36E947E6A}"
EndProject
Global
	GlobalSection(SolutionConfigurationPlatforms) = preSolution
		Debug|Any CPU = Debug|Any CPU
		Release|Any CPU = Release|Any CPU
	EndGlobalSection
	GlobalSection(ProjectConfigurationPlatforms) = postSolution
		{63D92787-78E3-4B36-824A-79E36E947E6A}.Debug|Any CPU.ActiveCfg = Debug|Any CPU
		{63D92787-78E3-4B36-824A-79E36E947E6A}.Debug|Any CPU.Build.0 = Debug|Any CPU
		{63D92787-78E3-4B36-824A-79E36E947E6A}.Release|Any CPU.ActiveCfg = Release|Any CPU
		{63D92787-78E3-4B36-824A-79E36E947E6A}.Release|Any CPU.Build.0 = Release|Any CPU
	EndGlobalSection
EndGlobal
