
Microsoft Visual Studio Solution File, Format Version 12.00
Project("{FAE04EC0-301F-11D3-BF4B-00C04F79EFBC}") = "01Basics-consoleapp", "01Basics-consoleapp\01Basics-consoleapp.csproj", "{ADCE4EEA-2697-4E73-9442-8456C92FB4C0}"
EndProject
Global
	GlobalSection(SolutionConfigurationPlatforms) = preSolution
		Debug|Any CPU = Debug|Any CPU
		Release|Any CPU = Release|Any CPU
	EndGlobalSection
	GlobalSection(ProjectConfigurationPlatforms) = postSolution
		{ADCE4EEA-2697-4E73-9442-8456C92FB4C0}.Debug|Any CPU.ActiveCfg = Debug|Any CPU
		{ADCE4EEA-2697-4E73-9442-8456C92FB4C0}.Debug|Any CPU.Build.0 = Debug|Any CPU
		{ADCE4EEA-2697-4E73-9442-8456C92FB4C0}.Release|Any CPU.ActiveCfg = Release|Any CPU
		{ADCE4EEA-2697-4E73-9442-8456C92FB4C0}.Release|Any CPU.Build.0 = Release|Any CPU
	EndGlobalSection
EndGlobal
